// !$*UTF8*$!
{
	archiveVersion = 1;
	classes = {
	};
	objectVersion = 50;
	objects = {

/* Begin PBXBuildFile section */
		D774FA902142CD2F0055D020 /* AppDelegate.swift in Sources */ = {isa = PBXBuildFile; fileRef = D774FA8F2142CD2F0055D020 /* AppDelegate.swift */; };
		D774FA972142CD310055D020 /* Assets.xcassets in Resources */ = {isa = PBXBuildFile; fileRef = D774FA962142CD310055D020 /* Assets.xcassets */; };
		D774FA9A2142CD310055D020 /* LaunchScreen.storyboard in Resources */ = {isa = PBXBuildFile; fileRef = D774FA982142CD310055D020 /* LaunchScreen.storyboard */; };
		D774FAAA2142CDAA0055D020 /* Constants.swift in Sources */ = {isa = PBXBuildFile; fileRef = D774FAA92142CDAA0055D020 /* Constants.swift */; };
		D774FAAC2142CF700055D020 /* Movie.swift in Sources */ = {isa = PBXBuildFile; fileRef = D774FAAB2142CF700055D020 /* Movie.swift */; };
		D774FAAE2142D0AC0055D020 /* MovieController.swift in Sources */ = {isa = PBXBuildFile; fileRef = D774FAAD2142D0AC0055D020 /* MovieController.swift */; };
		D774FAB02142D50A0055D020 /* MovieSearchViewController.swift in Sources */ = {isa = PBXBuildFile; fileRef = D774FAAF2142D50A0055D020 /* MovieSearchViewController.swift */; };
		D774FAB22142D84A0055D020 /* MovieTableViewCell.swift in Sources */ = {isa = PBXBuildFile; fileRef = D774FAB12142D84A0055D020 /* MovieTableViewCell.swift */; };
/* End PBXBuildFile section */

/* Begin PBXFileReference section */
		D774FA8C2142CD2F0055D020 /* MovieSearch.app */ = {isa = PBXFileReference; explicitFileType = wrapper.application; includeInIndex = 0; path = MovieSearch.app; sourceTree = BUILT_PRODUCTS_DIR; };
		D774FA8F2142CD2F0055D020 /* AppDelegate.swift */ = {isa = PBXFileReference; lastKnownFileType = sourcecode.swift; path = AppDelegate.swift; sourceTree = "<group>"; };
		D774FA962142CD310055D020 /* Assets.xcassets */ = {isa = PBXFileReference; lastKnownFileType = folder.assetcatalog; path = Assets.xcassets; sourceTree = "<group>"; };
		D774FA992142CD310055D020 /* Base */ = {isa = PBXFileReference; lastKnownFileType = file.storyboard; name = Base; path = Base.lproj/LaunchScreen.storyboard; sourceTree = "<group>"; };
		D774FA9B2142CD310055D020 /* Info.plist */ = {isa = PBXFileReference; lastKnownFileType = text.plist.xml; path = Info.plist; sourceTree = "<group>"; };
		D774FAA92142CDAA0055D020 /* Constants.swift */ = {isa = PBXFileReference; lastKnownFileType = sourcecode.swift; path = Constants.swift; sourceTree = "<group>"; };
		D774FAAB2142CF700055D020 /* Movie.swift */ = {isa = PBXFileReference; lastKnownFileType = sourcecode.swift; path = Movie.swift; sourceTree = "<group>"; };
		D774FAAD2142D0AC0055D020 /* MovieController.swift */ = {isa = PBXFileReference; lastKnownFileType = sourcecode.swift; path = MovieController.swift; sourceTree = "<group>"; };
		D774FAAF2142D50A0055D020 /* MovieSearchViewController.swift */ = {isa = PBXFileReference; lastKnownFileType = sourcecode.swift; path = MovieSearchViewController.swift; sourceTree = "<group>"; };
		D774FAB12142D84A0055D020 /* MovieTableViewCell.swift */ = {isa = PBXFileReference; lastKnownFileType = sourcecode.swift; path = MovieTableViewCell.swift; sourceTree = "<group>"; };
/* End PBXFileReference section */

/* Begin PBXFrameworksBuildPhase section */
		D774FA892142CD2F0055D020 /* Frameworks */ = {
			isa = PBXFrameworksBuildPhase;
			buildActionMask = 2147483647;
			files = (
			);
			runOnlyForDeploymentPostprocessing = 0;
		};
/* End PBXFrameworksBuildPhase section */

/* Begin PBXGroup section */
		D774FA832142CD2F0055D020 = {
			isa = PBXGroup;
			children = (
				D774FA8E2142CD2F0055D020 /* MovieSearch */,
				D774FA8D2142CD2F0055D020 /* Products */,
			);
			sourceTree = "<group>";
		};
		D774FA8D2142CD2F0055D020 /* Products */ = {
			isa = PBXGroup;
			children = (
				D774FA8C2142CD2F0055D020 /* MovieSearch.app */,
			);
			name = Products;
			sourceTree = "<group>";
		};
		D774FA8E2142CD2F0055D020 /* MovieSearch */ = {
			isa = PBXGroup;
			children = (
				D774FAA42142CD8E0055D020 /* Constants */,
				D774FAA52142CD8E0055D020 /* Helpers */,
				D774FAA32142CD8E0055D020 /* Model */,
				D774FAA82142CD8F0055D020 /* ModelController */,
				D774FAA12142CD8E0055D020 /* View */,
				D774FAA22142CD8E0055D020 /* ViewController */,
				D774FAA72142CD8F0055D020 /* Resources */,
			);
			path = MovieSearch;
			sourceTree = "<group>";
		};
		D774FAA12142CD8E0055D020 /* View */ = {
			isa = PBXGroup;
			children = (
				D774FAB12142D84A0055D020 /* MovieTableViewCell.swift */,
			);
			path = View;
			sourceTree = "<group>";
		};
		D774FAA22142CD8E0055D020 /* ViewController */ = {
			isa = PBXGroup;
			children = (
				D774FAAF2142D50A0055D020 /* MovieSearchViewController.swift */,
			);
			path = ViewController;
			sourceTree = "<group>";
		};
		D774FAA32142CD8E0055D020 /* Model */ = {
			isa = PBXGroup;
			children = (
				D774FAAB2142CF700055D020 /* Movie.swift */,
			);
			path = Model;
			sourceTree = "<group>";
		};
		D774FAA42142CD8E0055D020 /* Constants */ = {
			isa = PBXGroup;
			children = (
				D774FAA92142CDAA0055D020 /* Constants.swift */,
			);
			path = Constants;
			sourceTree = "<group>";
		};
		D774FAA52142CD8E0055D020 /* Helpers */ = {
			isa = PBXGroup;
			children = (
			);
			path = Helpers;
			sourceTree = "<group>";
		};
		D774FAA72142CD8F0055D020 /* Resources */ = {
			isa = PBXGroup;
			children = (
				D774FA8F2142CD2F0055D020 /* AppDelegate.swift */,
				D774FA962142CD310055D020 /* Assets.xcassets */,
				D774FA982142CD310055D020 /* LaunchScreen.storyboard */,
				D774FA9B2142CD310055D020 /* Info.plist */,
			);
			path = Resources;
			sourceTree = "<group>";
		};
		D774FAA82142CD8F0055D020 /* ModelController */ = {
			isa = PBXGroup;
			children = (
				D774FAAD2142D0AC0055D020 /* MovieController.swift */,
			);
			path = ModelController;
			sourceTree = "<group>";
		};
/* End PBXGroup section */

/* Begin PBXNativeTarget section */
		D774FA8B2142CD2F0055D020 /* MovieSearch */ = {
			isa = PBXNativeTarget;
			buildConfigurationList = D774FA9E2142CD310055D020 /* Build configuration list for PBXNativeTarget "MovieSearch" */;
			buildPhases = (
				D774FA882142CD2F0055D020 /* Sources */,
				D774FA892142CD2F0055D020 /* Frameworks */,
				D774FA8A2142CD2F0055D020 /* Resources */,
			);
			buildRules = (
			);
			dependencies = (
			);
			name = MovieSearch;
			productName = MovieSearch;
			productReference = D774FA8C2142CD2F0055D020 /* MovieSearch.app */;
			productType = "com.apple.product-type.application";
		};
/* End PBXNativeTarget section */

/* Begin PBXProject section */
		D774FA842142CD2F0055D020 /* Project object */ = {
			isa = PBXProject;
			attributes = {
				LastSwiftUpdateCheck = 0940;
				LastUpgradeCheck = 0940;
				ORGANIZATIONNAME = "Jason Goodney";
				TargetAttributes = {
					D774FA8B2142CD2F0055D020 = {
						CreatedOnToolsVersion = 9.4.1;
					};
				};
			};
			buildConfigurationList = D774FA872142CD2F0055D020 /* Build configuration list for PBXProject "MovieSearch" */;
			compatibilityVersion = "Xcode 9.3";
			developmentRegion = en;
			hasScannedForEncodings = 0;
			knownRegions = (
				en,
				Base,
			);
			mainGroup = D774FA832142CD2F0055D020;
			productRefGroup = D774FA8D2142CD2F0055D020 /* Products */;
			projectDirPath = "";
			projectRoot = "";
			targets = (
				D774FA8B2142CD2F0055D020 /* MovieSearch */,
			);
		};
/* End PBXProject section */

/* Begin PBXResourcesBuildPhase section */
		D774FA8A2142CD2F0055D020 /* Resources */ = {
			isa = PBXResourcesBuildPhase;
			buildActionMask = 2147483647;
			files = (
				D774FA9A2142CD310055D020 /* LaunchScreen.storyboard in Resources */,
				D774FA972142CD310055D020 /* Assets.xcassets in Resources */,
			);
			runOnlyForDeploymentPostprocessing = 0;
		};
/* End PBXResourcesBuildPhase section */

/* Begin PBXSourcesBuildPhase section */
		D774FA882142CD2F0055D020 /* Sources */ = {
			isa = PBXSourcesBuildPhase;
			buildActionMask = 2147483647;
			files = (
				D774FA902142CD2F0055D020 /* AppDelegate.swift in Sources */,
				D774FAAE2142D0AC0055D020 /* MovieController.swift in Sources */,
				D774FAB22142D84A0055D020 /* MovieTableViewCell.swift in Sources */,
				D774FAAA2142CDAA0055D020 /* Constants.swift in Sources */,
				D774FAB02142D50A0055D020 /* MovieSearchViewController.swift in Sources */,
				D774FAAC2142CF700055D020 /* Movie.swift in Sources */,
			);
			runOnlyForDeploymentPostprocessing = 0;
		};
/* End PBXSourcesBuildPhase section */

/* Begin PBXVariantGroup section */
		D774FA982142CD310055D020 /* LaunchScreen.storyboard */ = {
			isa = PBXVariantGroup;
			children = (
				D774FA992142CD310055D020 /* Base */,
			);
			name = LaunchScreen.storyboard;
			sourceTree = "<group>";
		};
/* End PBXVariantGroup section */

/* Begin XCBuildConfiguration section */
		D774FA9C2142CD310055D020 /* Debug */ = {
			isa = XCBuildConfiguration;
			buildSettings = {
				ALWAYS_SEARCH_USER_PATHS = NO;
				CLANG_ANALYZER_NONNULL = YES;
				CLANG_ANALYZER_NUMBER_OBJECT_CONVERSION = YES_AGGRESSIVE;
				CLANG_CXX_LANGUAGE_STANDARD = "gnu++14";
				CLANG_CXX_LIBRARY = "libc++";
				CLANG_ENABLE_MODULES = YES;
				CLANG_ENABLE_OBJC_ARC = YES;
				CLANG_ENABLE_OBJC_WEAK = YES;
				CLANG_WARN_BLOCK_CAPTURE_AUTORELEASING = YES;
				CLANG_WARN_BOOL_CONVERSION = YES;
				CLANG_WARN_COMMA = YES;
				CLANG_WARN_CONSTANT_CONVERSION = YES;
				CLANG_WARN_DEPRECATED_OBJC_IMPLEMENTATIONS = YES;
				CLANG_WARN_DIRECT_OBJC_ISA_USAGE = YES_ERROR;
				CLANG_WARN_DOCUMENTATION_COMMENTS = YES;
				CLANG_WARN_EMPTY_BODY = YES;
				CLANG_WARN_ENUM_CONVERSION = YES;
				CLANG_WARN_INFINITE_RECURSION = YES;
				CLANG_WARN_INT_CONVERSION = YES;
				CLANG_WARN_NON_LITERAL_NULL_CONVERSION = YES;
				CLANG_WARN_OBJC_IMPLICIT_RETAIN_SELF = YES;
				CLANG_WARN_OBJC_LITERAL_CONVERSION = YES;
				CLANG_WARN_OBJC_ROOT_CLASS = YES_ERROR;
				CLANG_WARN_RANGE_LOOP_ANALYSIS = YES;
				CLANG_WARN_STRICT_PROTOTYPES = YES;
				CLANG_WARN_SUSPICIOUS_MOVE = YES;
				CLANG_WARN_UNGUARDED_AVAILABILITY = YES_AGGRESSIVE;
				CLANG_WARN_UNREACHABLE_CODE = YES;
				CLANG_WARN__DUPLICATE_METHOD_MATCH = YES;
				CODE_SIGN_IDENTITY = "iPhone Developer";
				COPY_PHASE_STRIP = NO;
				DEBUG_INFORMATION_FORMAT = dwarf;
				ENABLE_STRICT_OBJC_MSGSEND = YES;
				ENABLE_TESTABILITY = YES;
				GCC_C_LANGUAGE_STANDARD = gnu11;
				GCC_DYNAMIC_NO_PIC = NO;
				GCC_NO_COMMON_BLOCKS = YES;
				GCC_OPTIMIZATION_LEVEL = 0;
				GCC_PREPROCESSOR_DEFINITIONS = (
					"DEBUG=1",
					"$(inherited)",
				);
				GCC_WARN_64_TO_32_BIT_CONVERSION = YES;
				GCC_WARN_ABOUT_RETURN_TYPE = YES_ERROR;
				GCC_WARN_UNDECLARED_SELECTOR = YES;
				GCC_WARN_UNINITIALIZED_AUTOS = YES_AGGRESSIVE;
				GCC_WARN_UNUSED_FUNCTION = YES;
				GCC_WARN_UNUSED_VARIABLE = YES;
				IPHONEOS_DEPLOYMENT_TARGET = 11.4;
				MTL_ENABLE_DEBUG_INFO = YES;
				ONLY_ACTIVE_ARCH = YES;
				SDKROOT = iphoneos;
				SWIFT_ACTIVE_COMPILATION_CONDITIONS = DEBUG;
				SWIFT_OPTIMIZATION_LEVEL = "-Onone";
			};
			name = Debug;
		};
		D774FA9D2142CD310055D020 /* Release */ = {
			isa = XCBuildConfiguration;
			buildSettings = {
				ALWAYS_SEARCH_USER_PATHS = NO;
				CLANG_ANALYZER_NONNULL = YES;
				CLANG_ANALYZER_NUMBER_OBJECT_CONVERSION = YES_AGGRESSIVE;
				CLANG_CXX_LANGUAGE_STANDARD = "gnu++14";
				CLANG_CXX_LIBRARY = "libc++";
				CLANG_ENABLE_MODULES = YES;
				CLANG_ENABLE_OBJC_ARC = YES;
				CLANG_ENABLE_OBJC_WEAK = YES;
				CLANG_WARN_BLOCK_CAPTURE_AUTORELEASING = YES;
				CLANG_WARN_BOOL_CONVERSION = YES;
				CLANG_WARN_COMMA = YES;
				CLANG_WARN_CONSTANT_CONVERSION = YES;
				CLANG_WARN_DEPRECATED_OBJC_IMPLEMENTATIONS = YES;
				CLANG_WARN_DIRECT_OBJC_ISA_USAGE = YES_ERROR;
				CLANG_WARN_DOCUMENTATION_COMMENTS = YES;
				CLANG_WARN_EMPTY_BODY = YES;
				CLANG_WARN_ENUM_CONVERSION = YES;
				CLANG_WARN_INFINITE_RECURSION = YES;
				CLANG_WARN_INT_CONVERSION = YES;
				CLANG_WARN_NON_LITERAL_NULL_CONVERSION = YES;
				CLANG_WARN_OBJC_IMPLICIT_RETAIN_SELF = YES;
				CLANG_WARN_OBJC_LITERAL_CONVERSION = YES;
				CLANG_WARN_OBJC_ROOT_CLASS = YES_ERROR;
				CLANG_WARN_RANGE_LOOP_ANALYSIS = YES;
				CLANG_WARN_STRICT_PROTOTYPES = YES;
				CLANG_WARN_SUSPICIOUS_MOVE = YES;
				CLANG_WARN_UNGUARDED_AVAILABILITY = YES_AGGRESSIVE;
				CLANG_WARN_UNREACHABLE_CODE = YES;
				CLANG_WARN__DUPLICATE_METHOD_MATCH = YES;
				CODE_SIGN_IDENTITY = "iPhone Developer";
				COPY_PHASE_STRIP = NO;
				DEBUG_INFORMATION_FORMAT = "dwarf-with-dsym";
				ENABLE_NS_ASSERTIONS = NO;
				ENABLE_STRICT_OBJC_MSGSEND = YES;
				GCC_C_LANGUAGE_STANDARD = gnu11;
				GCC_NO_COMMON_BLOCKS = YES;
				GCC_WARN_64_TO_32_BIT_CONVERSION = YES;
				GCC_WARN_ABOUT_RETURN_TYPE = YES_ERROR;
				GCC_WARN_UNDECLARED_SELECTOR = YES;
				GCC_WARN_UNINITIALIZED_AUTOS = YES_AGGRESSIVE;
				GCC_WARN_UNUSED_FUNCTION = YES;
				GCC_WARN_UNUSED_VARIABLE = YES;
				IPHONEOS_DEPLOYMENT_TARGET = 11.4;
				MTL_ENABLE_DEBUG_INFO = NO;
				SDKROOT = iphoneos;
				SWIFT_COMPILATION_MODE = wholemodule;
				SWIFT_OPTIMIZATION_LEVEL = "-O";
				VALIDATE_PRODUCT = YES;
			};
			name = Release;
		};
		D774FA9F2142CD310055D020 /* Debug */ = {
			isa = XCBuildConfiguration;
			buildSettings = {
				ASSETCATALOG_COMPILER_APPICON_NAME = AppIcon;
				CODE_SIGN_STYLE = Automatic;
				DEVELOPMENT_TEAM = K2R548H5LT;
				INFOPLIST_FILE = "$(SRCROOT)/MovieSearch/Resources/Info.plist";
				LD_RUNPATH_SEARCH_PATHS = (
					"$(inherited)",
					"@executable_path/Frameworks",
				);
				PRODUCT_BUNDLE_IDENTIFIER = com.jasongoodney.MovieSearch;
				PRODUCT_NAME = "$(TARGET_NAME)";
				SWIFT_VERSION = 4.0;
				TARGETED_DEVICE_FAMILY = "1,2";
			};
			name = Debug;
		};
		D774FAA02142CD310055D020 /* Release */ = {
			isa = XCBuildConfiguration;
			buildSettings = {
				ASSETCATALOG_COMPILER_APPICON_NAME = AppIcon;
				CODE_SIGN_STYLE = Automatic;
				DEVELOPMENT_TEAM = K2R548H5LT;
				INFOPLIST_FILE = "$(SRCROOT)/MovieSearch/Resources/Info.plist";
				LD_RUNPATH_SEARCH_PATHS = (
					"$(inherited)",
					"@executable_path/Frameworks",
				);
				PRODUCT_BUNDLE_IDENTIFIER = com.jasongoodney.MovieSearch;
				PRODUCT_NAME = "$(TARGET_NAME)";
				SWIFT_VERSION = 4.0;
				TARGETED_DEVICE_FAMILY = "1,2";
			};
			name = Release;
		};
/* End XCBuildConfiguration section */

/* Begin XCConfigurationList section */
		D774FA872142CD2F0055D020 /* Build configuration list for PBXProject "MovieSearch" */ = {
			isa = XCConfigurationList;
			buildConfigurations = (
				D774FA9C2142CD310055D020 /* Debug */,
				D774FA9D2142CD310055D020 /* Release */,
			);
			defaultConfigurationIsVisible = 0;
			defaultConfigurationName = Release;
		};
		D774FA9E2142CD310055D020 /* Build configuration list for PBXNativeTarget "MovieSearch" */ = {
			isa = XCConfigurationList;
			buildConfigurations = (
				D774FA9F2142CD310055D020 /* Debug */,
				D774FAA02142CD310055D020 /* Release */,
			);
			defaultConfigurationIsVisible = 0;
			defaultConfigurationName = Release;
		};
/* End XCConfigurationList section */
	};
	rootObject = D774FA842142CD2F0055D020 /* Project object */;
}
